
Microsoft Visual Studio Solution File, Format Version 12.00
# Visual Studio Version 17
VisualStudioVersion = 17.9.34728.123
MinimumVisualStudioVersion = 10.0.40219.1
Project("{FAE04EC0-301F-11D3-BF4B-00C04F79EFBC}") = "PPT", "PPT\PPT.csproj", "{DE85F896-DE19-4117-AC2B-78C658A7241E}"
EndProject
Global
	GlobalSection(SolutionConfigurationPlatforms) = preSolution
		Debug|Any CPU = Debug|Any CPU
		Release|Any CPU = Release|Any CPU
	EndGlobalSection
	GlobalSection(ProjectConfigurationPlatforms) = postSolution
		{DE85F896-DE19-4117-AC2B-78C658A7241E}.Debug|Any CPU.ActiveCfg = Debug|Any CPU
		{DE85F896-DE19-4117-AC2B-78C658A7241E}.Debug|Any CPU.Build.0 = Debug|Any CPU
		{DE85F896-DE19-4117-AC2B-78C658A7241E}.Release|Any CPU.ActiveCfg = Release|Any CPU
		{DE85F896-DE19-4117-AC2B-78C658A7241E}.Release|Any CPU.Build.0 = Release|Any CPU
	EndGlobalSection
	GlobalSection(SolutionProperties) = preSolution
		HideSolutionNode = FALSE
	EndGlobalSection
	GlobalSection(ExtensibilityGlobals) = postSolution
		SolutionGuid = {304E6946-5D51-4411-9EB2-9EAC7197A50D}
	EndGlobalSection
EndGlobal
